// !$*UTF8*$!
{
	archiveVersion = 1;
	classes = {
	};
	objectVersion = 50;
	objects = {

/* Begin PBXBuildFile section */
		773783AF233239AC000F77F7 /* AppDelegate.swift in Sources */ = {isa = PBXBuildFile; fileRef = 773783AE233239AC000F77F7 /* AppDelegate.swift */; };
		773783B1233239AC000F77F7 /* SceneDelegate.swift in Sources */ = {isa = PBXBuildFile; fileRef = 773783B0233239AC000F77F7 /* SceneDelegate.swift */; };
		773783B3233239AC000F77F7 /* ContentView.swift in Sources */ = {isa = PBXBuildFile; fileRef = 773783B2233239AC000F77F7 /* ContentView.swift */; };
		773783B5233239AE000F77F7 /* Assets.xcassets in Resources */ = {isa = PBXBuildFile; fileRef = 773783B4233239AE000F77F7 /* Assets.xcassets */; };
		773783B8233239AE000F77F7 /* Preview Assets.xcassets in Resources */ = {isa = PBXBuildFile; fileRef = 773783B7233239AE000F77F7 /* Preview Assets.xcassets */; };
		773783BB233239AE000F77F7 /* LaunchScreen.storyboard in Resources */ = {isa = PBXBuildFile; fileRef = 773783B9233239AE000F77F7 /* LaunchScreen.storyboard */; };
		773783C423323A38000F77F7 /* Coffee.swift in Sources */ = {isa = PBXBuildFile; fileRef = 773783C323323A38000F77F7 /* Coffee.swift */; };
		773783C623323C31000F77F7 /* Order.swift in Sources */ = {isa = PBXBuildFile; fileRef = 773783C523323C31000F77F7 /* Order.swift */; };
		773783C923323D58000F77F7 /* WebService.swift in Sources */ = {isa = PBXBuildFile; fileRef = 773783C823323D58000F77F7 /* WebService.swift */; };
		773783CC23323EBC000F77F7 /* AppConstants.swift in Sources */ = {isa = PBXBuildFile; fileRef = 773783CB23323EBC000F77F7 /* AppConstants.swift */; };
		773783CF2332D25E000F77F7 /* OrderListViewModel.swift in Sources */ = {isa = PBXBuildFile; fileRef = 773783CE2332D25E000F77F7 /* OrderListViewModel.swift */; };
		773783D22332D4F0000F77F7 /* OrderListView.swift in Sources */ = {isa = PBXBuildFile; fileRef = 773783D12332D4F0000F77F7 /* OrderListView.swift */; };
		77E0FA872335050800625F9C /* CreateOrderResponse.swift in Sources */ = {isa = PBXBuildFile; fileRef = 77E0FA862335050800625F9C /* CreateOrderResponse.swift */; };
		77E0FA892335067900625F9C /* AddCoffeeOrderViewModel.swift in Sources */ = {isa = PBXBuildFile; fileRef = 77E0FA882335067900625F9C /* AddCoffeeOrderViewModel.swift */; };
		77E0FA8B233507B700625F9C /* CoffeeViewModel.swift in Sources */ = {isa = PBXBuildFile; fileRef = 77E0FA8A233507B700625F9C /* CoffeeViewModel.swift */; };
		77E0FA8D23350B9F00625F9C /* AddCoffeeOrderView.swift in Sources */ = {isa = PBXBuildFile; fileRef = 77E0FA8C23350B9F00625F9C /* AddCoffeeOrderView.swift */; };
		77E0FA8F2335144200625F9C /* OrderTotalView.swift in Sources */ = {isa = PBXBuildFile; fileRef = 77E0FA8E2335144200625F9C /* OrderTotalView.swift */; };
/* End PBXBuildFile section */

/* Begin PBXFileReference section */
		773783AB233239AC000F77F7 /* CoffeeOrderingApp.app */ = {isa = PBXFileReference; explicitFileType = wrapper.application; includeInIndex = 0; path = CoffeeOrderingApp.app; sourceTree = BUILT_PRODUCTS_DIR; };
		773783AE233239AC000F77F7 /* AppDelegate.swift */ = {isa = PBXFileReference; lastKnownFileType = sourcecode.swift; path = AppDelegate.swift; sourceTree = "<group>"; };
		773783B0233239AC000F77F7 /* SceneDelegate.swift */ = {isa = PBXFileReference; lastKnownFileType = sourcecode.swift; path = SceneDelegate.swift; sourceTree = "<group>"; };
		773783B2233239AC000F77F7 /* ContentView.swift */ = {isa = PBXFileReference; lastKnownFileType = sourcecode.swift; path = ContentView.swift; sourceTree = "<group>"; };
		773783B4233239AE000F77F7 /* Assets.xcassets */ = {isa = PBXFileReference; lastKnownFileType = folder.assetcatalog; path = Assets.xcassets; sourceTree = "<group>"; };
		773783B7233239AE000F77F7 /* Preview Assets.xcassets */ = {isa = PBXFileReference; lastKnownFileType = folder.assetcatalog; path = "Preview Assets.xcassets"; sourceTree = "<group>"; };
		773783BA233239AE000F77F7 /* Base */ = {isa = PBXFileReference; lastKnownFileType = file.storyboard; name = Base; path = Base.lproj/LaunchScreen.storyboard; sourceTree = "<group>"; };
		773783BC233239AE000F77F7 /* Info.plist */ = {isa = PBXFileReference; lastKnownFileType = text.plist.xml; path = Info.plist; sourceTree = "<group>"; };
		773783C323323A38000F77F7 /* Coffee.swift */ = {isa = PBXFileReference; lastKnownFileType = sourcecode.swift; path = Coffee.swift; sourceTree = "<group>"; };
		773783C523323C31000F77F7 /* Order.swift */ = {isa = PBXFileReference; lastKnownFileType = sourcecode.swift; path = Order.swift; sourceTree = "<group>"; };
		773783C823323D58000F77F7 /* WebService.swift */ = {isa = PBXFileReference; lastKnownFileType = sourcecode.swift; path = WebService.swift; sourceTree = "<group>"; };
		773783CB23323EBC000F77F7 /* AppConstants.swift */ = {isa = PBXFileReference; lastKnownFileType = sourcecode.swift; path = AppConstants.swift; sourceTree = "<group>"; };
		773783CE2332D25E000F77F7 /* OrderListViewModel.swift */ = {isa = PBXFileReference; lastKnownFileType = sourcecode.swift; path = OrderListViewModel.swift; sourceTree = "<group>"; };
		773783D12332D4F0000F77F7 /* OrderListView.swift */ = {isa = PBXFileReference; lastKnownFileType = sourcecode.swift; path = OrderListView.swift; sourceTree = "<group>"; };
		77E0FA862335050800625F9C /* CreateOrderResponse.swift */ = {isa = PBXFileReference; lastKnownFileType = sourcecode.swift; path = CreateOrderResponse.swift; sourceTree = "<group>"; };
		77E0FA882335067900625F9C /* AddCoffeeOrderViewModel.swift */ = {isa = PBXFileReference; lastKnownFileType = sourcecode.swift; path = AddCoffeeOrderViewModel.swift; sourceTree = "<group>"; };
		77E0FA8A233507B700625F9C /* CoffeeViewModel.swift */ = {isa = PBXFileReference; lastKnownFileType = sourcecode.swift; path = CoffeeViewModel.swift; sourceTree = "<group>"; };
		77E0FA8C23350B9F00625F9C /* AddCoffeeOrderView.swift */ = {isa = PBXFileReference; lastKnownFileType = sourcecode.swift; path = AddCoffeeOrderView.swift; sourceTree = "<group>"; };
		77E0FA8E2335144200625F9C /* OrderTotalView.swift */ = {isa = PBXFileReference; lastKnownFileType = sourcecode.swift; path = OrderTotalView.swift; sourceTree = "<group>"; };
/* End PBXFileReference section */

/* Begin PBXFrameworksBuildPhase section */
		773783A8233239AC000F77F7 /* Frameworks */ = {
			isa = PBXFrameworksBuildPhase;
			buildActionMask = 2147483647;
			files = (
			);
			runOnlyForDeploymentPostprocessing = 0;
		};
/* End PBXFrameworksBuildPhase section */

/* Begin PBXGroup section */
		773783A2233239AC000F77F7 = {
			isa = PBXGroup;
			children = (
				773783AD233239AC000F77F7 /* CoffeeOrderingApp */,
				773783AC233239AC000F77F7 /* Products */,
			);
			sourceTree = "<group>";
		};
		773783AC233239AC000F77F7 /* Products */ = {
			isa = PBXGroup;
			children = (
				773783AB233239AC000F77F7 /* CoffeeOrderingApp.app */,
			);
			name = Products;
			sourceTree = "<group>";
		};
		773783AD233239AC000F77F7 /* CoffeeOrderingApp */ = {
			isa = PBXGroup;
			children = (
				773783D02332D4AD000F77F7 /* Views */,
				773783CD2332D248000F77F7 /* ViewModel */,
				773783CA23323EAF000F77F7 /* Resources */,
				773783C723323D46000F77F7 /* Services */,
				773783C223323A03000F77F7 /* Models */,
				773783AE233239AC000F77F7 /* AppDelegate.swift */,
				773783B0233239AC000F77F7 /* SceneDelegate.swift */,
				773783B4233239AE000F77F7 /* Assets.xcassets */,
				773783B9233239AE000F77F7 /* LaunchScreen.storyboard */,
				773783BC233239AE000F77F7 /* Info.plist */,
				773783B6233239AE000F77F7 /* Preview Content */,
			);
			path = CoffeeOrderingApp;
			sourceTree = "<group>";
		};
		773783B6233239AE000F77F7 /* Preview Content */ = {
			isa = PBXGroup;
			children = (
				773783B7233239AE000F77F7 /* Preview Assets.xcassets */,
			);
			path = "Preview Content";
			sourceTree = "<group>";
		};
		773783C223323A03000F77F7 /* Models */ = {
			isa = PBXGroup;
			children = (
				773783C323323A38000F77F7 /* Coffee.swift */,
				773783C523323C31000F77F7 /* Order.swift */,
				77E0FA862335050800625F9C /* CreateOrderResponse.swift */,
			);
			path = Models;
			sourceTree = "<group>";
		};
		773783C723323D46000F77F7 /* Services */ = {
			isa = PBXGroup;
			children = (
				773783C823323D58000F77F7 /* WebService.swift */,
			);
			path = Services;
			sourceTree = "<group>";
		};
		773783CA23323EAF000F77F7 /* Resources */ = {
			isa = PBXGroup;
			children = (
				773783CB23323EBC000F77F7 /* AppConstants.swift */,
			);
			path = Resources;
			sourceTree = "<group>";
		};
		773783CD2332D248000F77F7 /* ViewModel */ = {
			isa = PBXGroup;
			children = (
				773783CE2332D25E000F77F7 /* OrderListViewModel.swift */,
				77E0FA882335067900625F9C /* AddCoffeeOrderViewModel.swift */,
				77E0FA8A233507B700625F9C /* CoffeeViewModel.swift */,
			);
			path = ViewModel;
			sourceTree = "<group>";
		};
		773783D02332D4AD000F77F7 /* Views */ = {
			isa = PBXGroup;
			children = (
				773783B2233239AC000F77F7 /* ContentView.swift */,
				773783D12332D4F0000F77F7 /* OrderListView.swift */,
				77E0FA8C23350B9F00625F9C /* AddCoffeeOrderView.swift */,
				77E0FA8E2335144200625F9C /* OrderTotalView.swift */,
			);
			path = Views;
			sourceTree = "<group>";
		};
/* End PBXGroup section */

/* Begin PBXNativeTarget section */
		773783AA233239AC000F77F7 /* CoffeeOrderingApp */ = {
			isa = PBXNativeTarget;
			buildConfigurationList = 773783BF233239AE000F77F7 /* Build configuration list for PBXNativeTarget "CoffeeOrderingApp" */;
			buildPhases = (
				773783A7233239AC000F77F7 /* Sources */,
				773783A8233239AC000F77F7 /* Frameworks */,
				773783A9233239AC000F77F7 /* Resources */,
			);
			buildRules = (
			);
			dependencies = (
			);
			name = CoffeeOrderingApp;
			productName = CoffeeOrderingApp;
			productReference = 773783AB233239AC000F77F7 /* CoffeeOrderingApp.app */;
			productType = "com.apple.product-type.application";
		};
/* End PBXNativeTarget section */

/* Begin PBXProject section */
		773783A3233239AC000F77F7 /* Project object */ = {
			isa = PBXProject;
			attributes = {
				LastSwiftUpdateCheck = 1100;
				LastUpgradeCheck = 1100;
				ORGANIZATIONNAME = "Mayur Rathod";
				TargetAttributes = {
					773783AA233239AC000F77F7 = {
						CreatedOnToolsVersion = 11.0;
					};
				};
			};
			buildConfigurationList = 773783A6233239AC000F77F7 /* Build configuration list for PBXProject "CoffeeOrderingApp" */;
			compatibilityVersion = "Xcode 9.3";
			developmentRegion = en;
			hasScannedForEncodings = 0;
			knownRegions = (
				en,
				Base,
			);
			mainGroup = 773783A2233239AC000F77F7;
			productRefGroup = 773783AC233239AC000F77F7 /* Products */;
			projectDirPath = "";
			projectRoot = "";
			targets = (
				773783AA233239AC000F77F7 /* CoffeeOrderingApp */,
			);
		};
/* End PBXProject section */

/* Begin PBXResourcesBuildPhase section */
		773783A9233239AC000F77F7 /* Resources */ = {
			isa = PBXResourcesBuildPhase;
			buildActionMask = 2147483647;
			files = (
				773783BB233239AE000F77F7 /* LaunchScreen.storyboard in Resources */,
				773783B8233239AE000F77F7 /* Preview Assets.xcassets in Resources */,
				773783B5233239AE000F77F7 /* Assets.xcassets in Resources */,
			);
			runOnlyForDeploymentPostprocessing = 0;
		};
/* End PBXResourcesBuildPhase section */

/* Begin PBXSourcesBuildPhase section */
		773783A7233239AC000F77F7 /* Sources */ = {
			isa = PBXSourcesBuildPhase;
			buildActionMask = 2147483647;
			files = (
				773783AF233239AC000F77F7 /* AppDelegate.swift in Sources */,
				77E0FA872335050800625F9C /* CreateOrderResponse.swift in Sources */,
				773783B1233239AC000F77F7 /* SceneDelegate.swift in Sources */,
				77E0FA892335067900625F9C /* AddCoffeeOrderViewModel.swift in Sources */,
				77E0FA8B233507B700625F9C /* CoffeeViewModel.swift in Sources */,
				773783D22332D4F0000F77F7 /* OrderListView.swift in Sources */,
				773783C623323C31000F77F7 /* Order.swift in Sources */,
				77E0FA8D23350B9F00625F9C /* AddCoffeeOrderView.swift in Sources */,
				773783B3233239AC000F77F7 /* ContentView.swift in Sources */,
				773783CC23323EBC000F77F7 /* AppConstants.swift in Sources */,
				773783C423323A38000F77F7 /* Coffee.swift in Sources */,
				773783C923323D58000F77F7 /* WebService.swift in Sources */,
				77E0FA8F2335144200625F9C /* OrderTotalView.swift in Sources */,
				773783CF2332D25E000F77F7 /* OrderListViewModel.swift in Sources */,
			);
			runOnlyForDeploymentPostprocessing = 0;
		};
/* End PBXSourcesBuildPhase section */

/* Begin PBXVariantGroup section */
		773783B9233239AE000F77F7 /* LaunchScreen.storyboard */ = {
			isa = PBXVariantGroup;
			children = (
				773783BA233239AE000F77F7 /* Base */,
			);
			name = LaunchScreen.storyboard;
			sourceTree = "<group>";
		};
/* End PBXVariantGroup section */

/* Begin XCBuildConfiguration section */
		773783BD233239AE000F77F7 /* Debug */ = {
			isa = XCBuildConfiguration;
			buildSettings = {
				ALWAYS_SEARCH_USER_PATHS = NO;
				CLANG_ANALYZER_NONNULL = YES;
				CLANG_ANALYZER_NUMBER_OBJECT_CONVERSION = YES_AGGRESSIVE;
				CLANG_CXX_LANGUAGE_STANDARD = "gnu++14";
				CLANG_CXX_LIBRARY = "libc++";
				CLANG_ENABLE_MODULES = YES;
				CLANG_ENABLE_OBJC_ARC = YES;
				CLANG_ENABLE_OBJC_WEAK = YES;
				CLANG_WARN_BLOCK_CAPTURE_AUTORELEASING = YES;
				CLANG_WARN_BOOL_CONVERSION = YES;
				CLANG_WARN_COMMA = YES;
				CLANG_WARN_CONSTANT_CONVERSION = YES;
				CLANG_WARN_DEPRECATED_OBJC_IMPLEMENTATIONS = YES;
				CLANG_WARN_DIRECT_OBJC_ISA_USAGE = YES_ERROR;
				CLANG_WARN_DOCUMENTATION_COMMENTS = YES;
				CLANG_WARN_EMPTY_BODY = YES;
				CLANG_WARN_ENUM_CONVERSION = YES;
				CLANG_WARN_INFINITE_RECURSION = YES;
				CLANG_WARN_INT_CONVERSION = YES;
				CLANG_WARN_NON_LITERAL_NULL_CONVERSION = YES;
				CLANG_WARN_OBJC_IMPLICIT_RETAIN_SELF = YES;
				CLANG_WARN_OBJC_LITERAL_CONVERSION = YES;
				CLANG_WARN_OBJC_ROOT_CLASS = YES_ERROR;
				CLANG_WARN_RANGE_LOOP_ANALYSIS = YES;
				CLANG_WARN_STRICT_PROTOTYPES = YES;
				CLANG_WARN_SUSPICIOUS_MOVE = YES;
				CLANG_WARN_UNGUARDED_AVAILABILITY = YES_AGGRESSIVE;
				CLANG_WARN_UNREACHABLE_CODE = YES;
				CLANG_WARN__DUPLICATE_METHOD_MATCH = YES;
				COPY_PHASE_STRIP = NO;
				DEBUG_INFORMATION_FORMAT = dwarf;
				ENABLE_STRICT_OBJC_MSGSEND = YES;
				ENABLE_TESTABILITY = YES;
				GCC_C_LANGUAGE_STANDARD = gnu11;
				GCC_DYNAMIC_NO_PIC = NO;
				GCC_NO_COMMON_BLOCKS = YES;
				GCC_OPTIMIZATION_LEVEL = 0;
				GCC_PREPROCESSOR_DEFINITIONS = (
					"DEBUG=1",
					"$(inherited)",
				);
				GCC_WARN_64_TO_32_BIT_CONVERSION = YES;
				GCC_WARN_ABOUT_RETURN_TYPE = YES_ERROR;
				GCC_WARN_UNDECLARED_SELECTOR = YES;
				GCC_WARN_UNINITIALIZED_AUTOS = YES_AGGRESSIVE;
				GCC_WARN_UNUSED_FUNCTION = YES;
				GCC_WARN_UNUSED_VARIABLE = YES;
				IPHONEOS_DEPLOYMENT_TARGET = 13.0;
				MTL_ENABLE_DEBUG_INFO = INCLUDE_SOURCE;
				MTL_FAST_MATH = YES;
				ONLY_ACTIVE_ARCH = YES;
				SDKROOT = iphoneos;
				SWIFT_ACTIVE_COMPILATION_CONDITIONS = DEBUG;
				SWIFT_OPTIMIZATION_LEVEL = "-Onone";
			};
			name = Debug;
		};
		773783BE233239AE000F77F7 /* Release */ = {
			isa = XCBuildConfiguration;
			buildSettings = {
				ALWAYS_SEARCH_USER_PATHS = NO;
				CLANG_ANALYZER_NONNULL = YES;
				CLANG_ANALYZER_NUMBER_OBJECT_CONVERSION = YES_AGGRESSIVE;
				CLANG_CXX_LANGUAGE_STANDARD = "gnu++14";
				CLANG_CXX_LIBRARY = "libc++";
				CLANG_ENABLE_MODULES = YES;
				CLANG_ENABLE_OBJC_ARC = YES;
				CLANG_ENABLE_OBJC_WEAK = YES;
				CLANG_WARN_BLOCK_CAPTURE_AUTORELEASING = YES;
				CLANG_WARN_BOOL_CONVERSION = YES;
				CLANG_WARN_COMMA = YES;
				CLANG_WARN_CONSTANT_CONVERSION = YES;
				CLANG_WARN_DEPRECATED_OBJC_IMPLEMENTATIONS = YES;
				CLANG_WARN_DIRECT_OBJC_ISA_USAGE = YES_ERROR;
				CLANG_WARN_DOCUMENTATION_COMMENTS = YES;
				CLANG_WARN_EMPTY_BODY = YES;
				CLANG_WARN_ENUM_CONVERSION = YES;
				CLANG_WARN_INFINITE_RECURSION = YES;
				CLANG_WARN_INT_CONVERSION = YES;
				CLANG_WARN_NON_LITERAL_NULL_CONVERSION = YES;
				CLANG_WARN_OBJC_IMPLICIT_RETAIN_SELF = YES;
				CLANG_WARN_OBJC_LITERAL_CONVERSION = YES;
				CLANG_WARN_OBJC_ROOT_CLASS = YES_ERROR;
				CLANG_WARN_RANGE_LOOP_ANALYSIS = YES;
				CLANG_WARN_STRICT_PROTOTYPES = YES;
				CLANG_WARN_SUSPICIOUS_MOVE = YES;
				CLANG_WARN_UNGUARDED_AVAILABILITY = YES_AGGRESSIVE;
				CLANG_WARN_UNREACHABLE_CODE = YES;
				CLANG_WARN__DUPLICATE_METHOD_MATCH = YES;
				COPY_PHASE_STRIP = NO;
				DEBUG_INFORMATION_FORMAT = "dwarf-with-dsym";
				ENABLE_NS_ASSERTIONS = NO;
				ENABLE_STRICT_OBJC_MSGSEND = YES;
				GCC_C_LANGUAGE_STANDARD = gnu11;
				GCC_NO_COMMON_BLOCKS = YES;
				GCC_WARN_64_TO_32_BIT_CONVERSION = YES;
				GCC_WARN_ABOUT_RETURN_TYPE = YES_ERROR;
				GCC_WARN_UNDECLARED_SELECTOR = YES;
				GCC_WARN_UNINITIALIZED_AUTOS = YES_AGGRESSIVE;
				GCC_WARN_UNUSED_FUNCTION = YES;
				GCC_WARN_UNUSED_VARIABLE = YES;
				IPHONEOS_DEPLOYMENT_TARGET = 13.0;
				MTL_ENABLE_DEBUG_INFO = NO;
				MTL_FAST_MATH = YES;
				SDKROOT = iphoneos;
				SWIFT_COMPILATION_MODE = wholemodule;
				SWIFT_OPTIMIZATION_LEVEL = "-O";
				VALIDATE_PRODUCT = YES;
			};
			name = Release;
		};
		773783C0233239AE000F77F7 /* Debug */ = {
			isa = XCBuildConfiguration;
			buildSettings = {
				ASSETCATALOG_COMPILER_APPICON_NAME = AppIcon;
				CODE_SIGN_STYLE = Automatic;
				DEVELOPMENT_ASSET_PATHS = "\"CoffeeOrderingApp/Preview Content\"";
				DEVELOPMENT_TEAM = AFBHHNX58G;
				ENABLE_PREVIEWS = YES;
				INFOPLIST_FILE = CoffeeOrderingApp/Info.plist;
				LD_RUNPATH_SEARCH_PATHS = (
					"$(inherited)",
					"@executable_path/Frameworks",
				);
				PRODUCT_BUNDLE_IDENTIFIER = com.mayur.CoffeeOrderingApp;
				PRODUCT_NAME = "$(TARGET_NAME)";
				SWIFT_VERSION = 5.0;
				TARGETED_DEVICE_FAMILY = "1,2";
			};
			name = Debug;
		};
		773783C1233239AE000F77F7 /* Release */ = {
			isa = XCBuildConfiguration;
			buildSettings = {
				ASSETCATALOG_COMPILER_APPICON_NAME = AppIcon;
				CODE_SIGN_STYLE = Automatic;
				DEVELOPMENT_ASSET_PATHS = "\"CoffeeOrderingApp/Preview Content\"";
				DEVELOPMENT_TEAM = AFBHHNX58G;
				ENABLE_PREVIEWS = YES;
				INFOPLIST_FILE = CoffeeOrderingApp/Info.plist;
				LD_RUNPATH_SEARCH_PATHS = (
					"$(inherited)",
					"@executable_path/Frameworks",
				);
				PRODUCT_BUNDLE_IDENTIFIER = com.mayur.CoffeeOrderingApp;
				PRODUCT_NAME = "$(TARGET_NAME)";
				SWIFT_VERSION = 5.0;
				TARGETED_DEVICE_FAMILY = "1,2";
			};
			name = Release;
		};
/* End XCBuildConfiguration section */

/* Begin XCConfigurationList section */
		773783A6233239AC000F77F7 /* Build configuration list for PBXProject "CoffeeOrderingApp" */ = {
			isa = XCConfigurationList;
			buildConfigurations = (
				773783BD233239AE000F77F7 /* Debug */,
				773783BE233239AE000F77F7 /* Release */,
			);
			defaultConfigurationIsVisible = 0;
			defaultConfigurationName = Release;
		};
		773783BF233239AE000F77F7 /* Build configuration list for PBXNativeTarget "CoffeeOrderingApp" */ = {
			isa = XCConfigurationList;
			buildConfigurations = (
				773783C0233239AE000F77F7 /* Debug */,
				773783C1233239AE000F77F7 /* Release */,
			);
			defaultConfigurationIsVisible = 0;
			defaultConfigurationName = Release;
		};
/* End XCConfigurationList section */
	};
	rootObject = 773783A3233239AC000F77F7 /* Project object */;
}
